PODS:
  - Capacitor (6.0.0):
    - CapacitorCordova
  - CapacitorCordova (6.0.0)
  - CapacitorPreferences (6.0.0):
    - Capacitor
  - OpenforgeCapacitorGameConnect (5.0.2):
    - Capacitor

DEPENDENCIES:
  - "Capacitor (from `../../node_modules/.pnpm/@capacitor+ios@6.0.0_@capacitor+core@6.0.0/node_modules/@capacitor/ios`)"
  - "CapacitorCordova (from `../../node_modules/.pnpm/@capacitor+ios@6.0.0_@capacitor+core@6.0.0/node_modules/@capacitor/ios`)"
  - "CapacitorPreferences (from `../../node_modules/.pnpm/@capacitor+preferences@6.0.0_@capacitor+core@6.0.0/node_modules/@capacitor/preferences`)"
  - "OpenforgeCapacitorGameConnect (from `../../node_modules/.pnpm/@openforge+capacitor-game-connect@5.0.2_@capacitor+core@6.0.0/node_modules/@openforge/capacitor-game-connect`)"

EXTERNAL SOURCES:
  Capacitor:
    :path: "../../node_modules/.pnpm/@capacitor+ios@6.0.0_@capacitor+core@6.0.0/node_modules/@capacitor/ios"
  CapacitorCordova:
    :path: "../../node_modules/.pnpm/@capacitor+ios@6.0.0_@capacitor+core@6.0.0/node_modules/@capacitor/ios"
  CapacitorPreferences:
    :path: "../../node_modules/.pnpm/@capacitor+preferences@6.0.0_@capacitor+core@6.0.0/node_modules/@capacitor/preferences"
  OpenforgeCapacitorGameConnect:
    :path: "../../node_modules/.pnpm/@openforge+capacitor-game-connect@5.0.2_@capacitor+core@6.0.0/node_modules/@openforge/capacitor-game-connect"

SPEC CHECKSUMS:
  Capacitor: 559d073c4ca6c27f8e7002c807eea94c3ba435a9
  CapacitorCordova: 8c4bfdf69368512e85b1d8b724dd7546abeb30af
  CapacitorPreferences: c9b839a80baa72e4ed4bdb117618e1950d3046b5
  OpenforgeCapacitorGameConnect: 6c2ab17efbb1373a2a6853816cffe0619767f517

PODFILE CHECKSUM: af348db76d15eafd0987fd553114ef9964c68b0e

COCOAPODS: 1.15.2
